<Solution>
  <Folder Name="/Plugins/" />
  <Folder Name="/Plugins/PackageManager/">
    <Project Path="Plugins/PackageManager/LunaticPanel.PackageManager.Application/LunaticPanel.PackageManager.Application.csproj" Id="cf5fe086-ce80-4145-a983-98235ebbd5bf" />
    <Project Path="Plugins/PackageManager/LunaticPanel.PackageManager.Domain/LunaticPanel.PackageManager.Domain.csproj" Id="98a0a306-4ba4-45f0-9e6d-f2769d90e306" />
    <Project Path="Plugins/PackageManager/LunaticPanel.PackageManager.Infrastructure/LunaticPanel.PackageManager.Infrastructure.csproj" Id="c4cc6a32-014d-4a07-b764-06aeebca104d" />
    <Project Path="Plugins/PackageManager/LunaticPanel.PackageManager.Keys/LunaticPanel.PackageManager.Keys.csproj" Id="725e9a98-9373-4c75-b9de-97b51d72823d" />
    <Project Path="Plugins/PackageManager/LunaticPanel.PackageManager.Tests/LunaticPanel.PackageManager.Tests.csproj" Id="cf692e7a-3b50-45a2-82f7-6d26ce077a0a" />
    <Project Path="Plugins/PackageManager/LunaticPanel.PackageManager/LunaticPanel.PackageManager.csproj" Id="485dc0e2-1e72-40ad-acd2-30cb1440f4b0" />
  </Folder>
  <Folder Name="/Solution Items/">
    <File Path=".version" />
    <File Path="Directory.Packages.props" />
    <File Path="README.md" />
  </Folder>
  <Folder Name="/Tests/">
    <Project Path="../tests/LunaticPanel.Core.Tests/LunaticPanel.Core.Tests.csproj" Id="5b01a88a-6915-470d-be3d-48e586e4d2a7" />
    <Project Path="../tests/LuncaticPanel.Package.Server.Tests/LuncaticPanel.Package.Server.Tests.csproj" Id="aebc0d94-f668-4d4e-8765-bf786211755c" />
  </Folder>
  <Project Path="LunaticPanel.Core.Abstraction/LunaticPanel.Core.Abstraction.csproj" Id="7e195f8a-1e26-4614-9faa-e3227850601a" />
  <Project Path="LunaticPanel.Core.Analyzer/LunaticPanel.Core.Analyzer.csproj" Id="e13603f4-70bc-4ed3-b15e-803aabf0385c" />
  <Project Path="LunaticPanel.Core.Extensions/LunaticPanel.Core.Extensions.csproj" />
  <Project Path="LunaticPanel.Core.PluginValidator/LunaticPanel.Core.PluginValidator.csproj" Id="c601a408-7fe7-4c21-8e08-f3d09fd5e1d6" />
  <Project Path="LunaticPanel.Core.Utils.Abstraction/LunaticPanel.Core.Utils.Abstraction.csproj" Id="abbd2a68-c5e8-4492-917c-6b361d0a7716" />
  <Project Path="LunaticPanel.Core.Utils/LunaticPanel.Core.Utils.csproj" Id="315587b7-2696-4daf-b022-6129f6facefa" />
  <Project Path="LunaticPanel.Core/LunaticPanel.Core.csproj" />
  <Project Path="LunaticPanel.Engine.Application/LunaticPanel.Engine.Application.csproj" />
  <Project Path="LunaticPanel.Engine.Domain/LunaticPanel.Engine.Domain.csproj" />
  <Project Path="LunaticPanel.Engine.Infrastructure/LunaticPanel.Engine.Infrastructure.csproj" />
  <Project Path="LunaticPanel.Engine.Keys/LunaticPanel.Engine.Keys.csproj" />
  <Project Path="LunaticPanel.Engine.Plugin/LunaticPanel.Engine.Plugin.csproj" Id="fe55f553-393c-40aa-b992-a186735b7367" />
  <Project Path="LunaticPanel.Engine.Web/LunaticPanel.Engine.Web.csproj" />
  <Project Path="LunaticPanel.Hybrid/LunaticPanel.Hybrid.Web/LunaticPanel.Hybrid.Web.csproj" Id="77efe45b-bcc3-470e-8120-d2edd02f93cb" />
  <Project Path="LunaticPanel.Package.LocalServer/LunaticPanel.Package.LocalServer.csproj" Id="8747fc7c-1a46-4c59-a72a-aa568f6855e7" />
  <Project Path="LunaticPanel.Package.Tool/LunaticPanel.Package.Tool.csproj" Id="5f35e089-266b-4c66-bad5-030e0ac27c97" />
  <Project Path="LunaticPanel.Plugin.Test/LunaticPanel.Plugin.Test.csproj" Id="a427bd3f-1ce3-45f3-b7ad-3071354631f4" />
  <Project Path="LuncaticPanel.Package.Server/LuncaticPanel.Package.Server.csproj" Id="7f6d8ca4-1ab3-429f-899f-1a954fc90dd8" />
</Solution>
